
Microsoft Visual Studio Solution File, Format Version 12.00
# Visual Studio Version 17
VisualStudioVersion = 17.0.31903.59
MinimumVisualStudioVersion = 10.0.40219.1
Project("{FAE04EC0-301F-11D3-BF4B-00C04F79EFBC}") = "SplashScreenSkip", "SplashScreenSkip.csproj", "{4485F2C1-FD6D-4DF8-9695-86FA19AD56FA}"
EndProject
Global
	GlobalSection(SolutionConfigurationPlatforms) = preSolution
		Debug|Any CPU = Debug|Any CPU
		Release|Any CPU = Release|Any CPU
	EndGlobalSection
	GlobalSection(ProjectConfigurationPlatforms) = postSolution
		{4485F2C1-FD6D-4DF8-9695-86FA19AD56FA}.Debug|Any CPU.ActiveCfg = Debug|Any CPU
		{4485F2C1-FD6D-4DF8-9695-86FA19AD56FA}.Debug|Any CPU.Build.0 = Debug|Any CPU
		{4485F2C1-FD6D-4DF8-9695-86FA19AD56FA}.Release|Any CPU.ActiveCfg = Release|Any CPU
		{4485F2C1-FD6D-4DF8-9695-86FA19AD56FA}.Release|Any CPU.Build.0 = Release|Any CPU
	EndGlobalSection
	GlobalSection(SolutionProperties) = preSolution
		HideSolutionNode = FALSE
	EndGlobalSection
	GlobalSection(ExtensibilityGlobals) = postSolution
		SolutionGuid = {AB52D495-BC87-4365-AC3F-4C2889FD6C44}
	EndGlobalSection
EndGlobal
